// !$*UTF8*$!
{
	archiveVersion = 1;
	classes = {
	};
	objectVersion = 56;
	objects = {

/* Begin PBXBuildFile section */
		EF0138352ACD7E61002B5D78 /* UIView+Extensions.swift in Sources */ = {isa = PBXBuildFile; fileRef = EF0138342ACD7E61002B5D78 /* UIView+Extensions.swift */; };
		EF0138372ACDA1E1002B5D78 /* Colors.xcassets in Resources */ = {isa = PBXBuildFile; fileRef = EF0138362ACDA1E1002B5D78 /* Colors.xcassets */; };
		EF038F272AE1266400C0C37B /* UITableView+Extension.swift in Sources */ = {isa = PBXBuildFile; fileRef = EF038F262AE1266400C0C37B /* UITableView+Extension.swift */; };
		EF038F292AE126A200C0C37B /* UITableViewCell+Extension.swift in Sources */ = {isa = PBXBuildFile; fileRef = EF038F282AE126A200C0C37B /* UITableViewCell+Extension.swift */; };
		EF038F2D2AE4177900C0C37B /* Date+Extension.swift in Sources */ = {isa = PBXBuildFile; fileRef = EF038F2C2AE4177900C0C37B /* Date+Extension.swift */; };
		EF0C27E12AB0BD7600F546BF /* .swiftformat in Resources */ = {isa = PBXBuildFile; fileRef = EF0C27E02AB0BD7600F546BF /* .swiftformat */; };
		EF2897CD2AA7210000B9A335 /* APIRequestBuilder.swift in Sources */ = {isa = PBXBuildFile; fileRef = EF2897CC2AA7210000B9A335 /* APIRequestBuilder.swift */; };
		EF2897D12AA770F100B9A335 /* String+Extensions.swift in Sources */ = {isa = PBXBuildFile; fileRef = EF2897D02AA770F100B9A335 /* String+Extensions.swift */; };
		EF2897D52AA7720C00B9A335 /* Array+Extensions.swift in Sources */ = {isa = PBXBuildFile; fileRef = EF2897D42AA7720C00B9A335 /* Array+Extensions.swift */; };
		EF2897D92AA9DA8F00B9A335 /* WebArticleViewController.swift in Sources */ = {isa = PBXBuildFile; fileRef = EF2897D82AA9DA8F00B9A335 /* WebArticleViewController.swift */; };
		EF28C50C2AA06D9A00B68649 /* FeedCell.swift in Sources */ = {isa = PBXBuildFile; fileRef = EF28C50B2AA06D9A00B68649 /* FeedCell.swift */; };
		EF28C5102AA0CD4600B68649 /* FeedPresenter.swift in Sources */ = {isa = PBXBuildFile; fileRef = EF28C50F2AA0CD4600B68649 /* FeedPresenter.swift */; };
		EF28C5132AA1CF2F00B68649 /* NetworkService.swift in Sources */ = {isa = PBXBuildFile; fileRef = EF28C5122AA1CF2F00B68649 /* NetworkService.swift */; };
		EF28C5152AA1CFFC00B68649 /* News.swift in Sources */ = {isa = PBXBuildFile; fileRef = EF28C5142AA1CFFC00B68649 /* News.swift */; };
		EF28C51B2AA233F900B68649 /* FeedAssembly.swift in Sources */ = {isa = PBXBuildFile; fileRef = EF28C51A2AA233F900B68649 /* FeedAssembly.swift */; };
		EF28C51E2AA3146800B68649 /* PersistenceService.swift in Sources */ = {isa = PBXBuildFile; fileRef = EF28C51D2AA3146800B68649 /* PersistenceService.swift */; };
		EF28C5202AA3432700B68649 /* ArticleViewController.swift in Sources */ = {isa = PBXBuildFile; fileRef = EF28C51F2AA3432700B68649 /* ArticleViewController.swift */; };
		EF28C5222AA3436000B68649 /* ArticleView.swift in Sources */ = {isa = PBXBuildFile; fileRef = EF28C5212AA3436000B68649 /* ArticleView.swift */; };
		EF28C5242AA343AD00B68649 /* ArticlePresenter.swift in Sources */ = {isa = PBXBuildFile; fileRef = EF28C5232AA343AD00B68649 /* ArticlePresenter.swift */; };
		EF28C5262AA343DF00B68649 /* ArticleAssembly.swift in Sources */ = {isa = PBXBuildFile; fileRef = EF28C5252AA343DF00B68649 /* ArticleAssembly.swift */; };
		EF2E82862AAB77FD0065F4C5 /* UILabel+Extensions.swift in Sources */ = {isa = PBXBuildFile; fileRef = EF2E82852AAB77FD0065F4C5 /* UILabel+Extensions.swift */; };
		EF2E828D2AABA3280065F4C5 /* NewsCatcherAssembly.swift in Sources */ = {isa = PBXBuildFile; fileRef = EF2E828C2AABA3280065F4C5 /* NewsCatcherAssembly.swift */; };
		EF4289372AE7E7160038BFD5 /* SavedNewsViewController.swift in Sources */ = {isa = PBXBuildFile; fileRef = EF4289362AE7E7160038BFD5 /* SavedNewsViewController.swift */; };
		EF42893C2AE807130038BFD5 /* SavedNewsCell.swift in Sources */ = {isa = PBXBuildFile; fileRef = EF42893B2AE807130038BFD5 /* SavedNewsCell.swift */; };
		EF4E320C2AB35A5A005C0E04 /* DataManager.swift in Sources */ = {isa = PBXBuildFile; fileRef = EF4E320B2AB35A5A005C0E04 /* DataManager.swift */; };
		EF85DB972A9F5A2C00CD9295 /* AppDelegate.swift in Sources */ = {isa = PBXBuildFile; fileRef = EF85DB962A9F5A2C00CD9295 /* AppDelegate.swift */; };
		EF85DB992A9F5A2C00CD9295 /* SceneDelegate.swift in Sources */ = {isa = PBXBuildFile; fileRef = EF85DB982A9F5A2C00CD9295 /* SceneDelegate.swift */; };
		EF85DB9B2A9F5A2C00CD9295 /* FeedViewController.swift in Sources */ = {isa = PBXBuildFile; fileRef = EF85DB9A2A9F5A2C00CD9295 /* FeedViewController.swift */; };
		EF85DBA02A9F5A2E00CD9295 /* Assets.xcassets in Resources */ = {isa = PBXBuildFile; fileRef = EF85DB9F2A9F5A2E00CD9295 /* Assets.xcassets */; };
		EF85DBA32A9F5A2E00CD9295 /* LaunchScreen.storyboard in Resources */ = {isa = PBXBuildFile; fileRef = EF85DBA12A9F5A2E00CD9295 /* LaunchScreen.storyboard */; };
		EF85DBAB2A9F7A6700CD9295 /* FeedView.swift in Sources */ = {isa = PBXBuildFile; fileRef = EF85DBAA2A9F7A6700CD9295 /* FeedView.swift */; };
		EF91997C2AB99888000A6364 /* NetworkError.swift in Sources */ = {isa = PBXBuildFile; fileRef = EF91997B2AB99888000A6364 /* NetworkError.swift */; };
		EF9921E82AEFD3B500012F2B /* UIImage+Extension.swift in Sources */ = {isa = PBXBuildFile; fileRef = EF9921E72AEFD3B500012F2B /* UIImage+Extension.swift */; };
		EF9D6CE12AD423CD00A23513 /* PickerSettingsCell.swift in Sources */ = {isa = PBXBuildFile; fileRef = EF9D6CE02AD423CD00A23513 /* PickerSettingsCell.swift */; };
		EFB37FF92AC440550046BCF7 /* SettingsViewController.swift in Sources */ = {isa = PBXBuildFile; fileRef = EFB37FF82AC440550046BCF7 /* SettingsViewController.swift */; };
		EFB37FFB2AC46CF20046BCF7 /* SettingsView.swift in Sources */ = {isa = PBXBuildFile; fileRef = EFB37FFA2AC46CF20046BCF7 /* SettingsView.swift */; };
		EFB37FFD2AC4746B0046BCF7 /* ArticleSettingsCell.swift in Sources */ = {isa = PBXBuildFile; fileRef = EFB37FFC2AC4746B0046BCF7 /* ArticleSettingsCell.swift */; };
		EFB37FFF2AC4A2100046BCF7 /* UIViewController+Extension.swift in Sources */ = {isa = PBXBuildFile; fileRef = EFB37FFE2AC4A2100046BCF7 /* UIViewController+Extension.swift */; };
		EFB380022AC583EF0046BCF7 /* SearchSettingsCell.swift in Sources */ = {isa = PBXBuildFile; fileRef = EFB380012AC583EF0046BCF7 /* SearchSettingsCell.swift */; };
		EFB380052AC5B2580046BCF7 /* SettingsPresenter.swift in Sources */ = {isa = PBXBuildFile; fileRef = EFB380042AC5B2580046BCF7 /* SettingsPresenter.swift */; };
		EFB380072AC5B26F0046BCF7 /* SettingsAssembly.swift in Sources */ = {isa = PBXBuildFile; fileRef = EFB380062AC5B26F0046BCF7 /* SettingsAssembly.swift */; };
		EFB380092AC5E7A40046BCF7 /* Request.swift in Sources */ = {isa = PBXBuildFile; fileRef = EFB380082AC5E7A40046BCF7 /* Request.swift */; };
		EFD0AD582AD089A8008A7631 /* .gitignore in Resources */ = {isa = PBXBuildFile; fileRef = EFD0AD572AD089A8008A7631 /* .gitignore */; };
		EFF046B82AB0939F00121D66 /* .swiftlint.yml in Resources */ = {isa = PBXBuildFile; fileRef = EFF046B72AB0939F00121D66 /* .swiftlint.yml */; };
/* End PBXBuildFile section */

/* Begin PBXFileReference section */
		EF0138342ACD7E61002B5D78 /* UIView+Extensions.swift */ = {isa = PBXFileReference; lastKnownFileType = sourcecode.swift; path = "UIView+Extensions.swift"; sourceTree = "<group>"; };
		EF0138362ACDA1E1002B5D78 /* Colors.xcassets */ = {isa = PBXFileReference; lastKnownFileType = folder.assetcatalog; path = Colors.xcassets; sourceTree = "<group>"; };
		EF038F262AE1266400C0C37B /* UITableView+Extension.swift */ = {isa = PBXFileReference; lastKnownFileType = sourcecode.swift; path = "UITableView+Extension.swift"; sourceTree = "<group>"; };
		EF038F282AE126A200C0C37B /* UITableViewCell+Extension.swift */ = {isa = PBXFileReference; lastKnownFileType = sourcecode.swift; path = "UITableViewCell+Extension.swift"; sourceTree = "<group>"; };
		EF038F2C2AE4177900C0C37B /* Date+Extension.swift */ = {isa = PBXFileReference; lastKnownFileType = sourcecode.swift; path = "Date+Extension.swift"; sourceTree = "<group>"; };
		EF0C27E02AB0BD7600F546BF /* .swiftformat */ = {isa = PBXFileReference; lastKnownFileType = text; path = .swiftformat; sourceTree = "<group>"; };
		EF2897CC2AA7210000B9A335 /* APIRequestBuilder.swift */ = {isa = PBXFileReference; lastKnownFileType = sourcecode.swift; path = APIRequestBuilder.swift; sourceTree = "<group>"; };
		EF2897D02AA770F100B9A335 /* String+Extensions.swift */ = {isa = PBXFileReference; lastKnownFileType = sourcecode.swift; path = "String+Extensions.swift"; sourceTree = "<group>"; };
		EF2897D42AA7720C00B9A335 /* Array+Extensions.swift */ = {isa = PBXFileReference; lastKnownFileType = sourcecode.swift; path = "Array+Extensions.swift"; sourceTree = "<group>"; };
		EF2897D82AA9DA8F00B9A335 /* WebArticleViewController.swift */ = {isa = PBXFileReference; lastKnownFileType = sourcecode.swift; path = WebArticleViewController.swift; sourceTree = "<group>"; };
		EF28C50B2AA06D9A00B68649 /* FeedCell.swift */ = {isa = PBXFileReference; lastKnownFileType = sourcecode.swift; path = FeedCell.swift; sourceTree = "<group>"; };
		EF28C50F2AA0CD4600B68649 /* FeedPresenter.swift */ = {isa = PBXFileReference; lastKnownFileType = sourcecode.swift; path = FeedPresenter.swift; sourceTree = "<group>"; };
		EF28C5122AA1CF2F00B68649 /* NetworkService.swift */ = {isa = PBXFileReference; lastKnownFileType = sourcecode.swift; path = NetworkService.swift; sourceTree = "<group>"; };
		EF28C5142AA1CFFC00B68649 /* News.swift */ = {isa = PBXFileReference; lastKnownFileType = sourcecode.swift; path = News.swift; sourceTree = "<group>"; };
		EF28C51A2AA233F900B68649 /* FeedAssembly.swift */ = {isa = PBXFileReference; lastKnownFileType = sourcecode.swift; path = FeedAssembly.swift; sourceTree = "<group>"; };
		EF28C51D2AA3146800B68649 /* PersistenceService.swift */ = {isa = PBXFileReference; lastKnownFileType = sourcecode.swift; path = PersistenceService.swift; sourceTree = "<group>"; };
		EF28C51F2AA3432700B68649 /* ArticleViewController.swift */ = {isa = PBXFileReference; lastKnownFileType = sourcecode.swift; path = ArticleViewController.swift; sourceTree = "<group>"; };
		EF28C5212AA3436000B68649 /* ArticleView.swift */ = {isa = PBXFileReference; lastKnownFileType = sourcecode.swift; path = ArticleView.swift; sourceTree = "<group>"; };
		EF28C5232AA343AD00B68649 /* ArticlePresenter.swift */ = {isa = PBXFileReference; lastKnownFileType = sourcecode.swift; path = ArticlePresenter.swift; sourceTree = "<group>"; };
		EF28C5252AA343DF00B68649 /* ArticleAssembly.swift */ = {isa = PBXFileReference; lastKnownFileType = sourcecode.swift; path = ArticleAssembly.swift; sourceTree = "<group>"; };
		EF2E82852AAB77FD0065F4C5 /* UILabel+Extensions.swift */ = {isa = PBXFileReference; lastKnownFileType = sourcecode.swift; path = "UILabel+Extensions.swift"; sourceTree = "<group>"; };
		EF2E828C2AABA3280065F4C5 /* NewsCatcherAssembly.swift */ = {isa = PBXFileReference; lastKnownFileType = sourcecode.swift; path = NewsCatcherAssembly.swift; sourceTree = "<group>"; };
		EF4289362AE7E7160038BFD5 /* SavedNewsViewController.swift */ = {isa = PBXFileReference; lastKnownFileType = sourcecode.swift; path = SavedNewsViewController.swift; sourceTree = "<group>"; };
		EF42893B2AE807130038BFD5 /* SavedNewsCell.swift */ = {isa = PBXFileReference; lastKnownFileType = sourcecode.swift; path = SavedNewsCell.swift; sourceTree = "<group>"; };
		EF4E320B2AB35A5A005C0E04 /* DataManager.swift */ = {isa = PBXFileReference; lastKnownFileType = sourcecode.swift; path = DataManager.swift; sourceTree = "<group>"; };
		EF85DB932A9F5A2C00CD9295 /* NewsCatcher.app */ = {isa = PBXFileReference; explicitFileType = wrapper.application; includeInIndex = 0; path = NewsCatcher.app; sourceTree = BUILT_PRODUCTS_DIR; };
		EF85DB962A9F5A2C00CD9295 /* AppDelegate.swift */ = {isa = PBXFileReference; lastKnownFileType = sourcecode.swift; path = AppDelegate.swift; sourceTree = "<group>"; };
		EF85DB982A9F5A2C00CD9295 /* SceneDelegate.swift */ = {isa = PBXFileReference; lastKnownFileType = sourcecode.swift; path = SceneDelegate.swift; sourceTree = "<group>"; };
		EF85DB9A2A9F5A2C00CD9295 /* FeedViewController.swift */ = {isa = PBXFileReference; lastKnownFileType = sourcecode.swift; path = FeedViewController.swift; sourceTree = "<group>"; };
		EF85DB9F2A9F5A2E00CD9295 /* Assets.xcassets */ = {isa = PBXFileReference; lastKnownFileType = folder.assetcatalog; path = Assets.xcassets; sourceTree = "<group>"; };
		EF85DBA22A9F5A2E00CD9295 /* Base */ = {isa = PBXFileReference; lastKnownFileType = file.storyboard; name = Base; path = Base.lproj/LaunchScreen.storyboard; sourceTree = "<group>"; };
		EF85DBA42A9F5A2E00CD9295 /* Info.plist */ = {isa = PBXFileReference; lastKnownFileType = text.plist.xml; path = Info.plist; sourceTree = "<group>"; };
		EF85DBAA2A9F7A6700CD9295 /* FeedView.swift */ = {isa = PBXFileReference; lastKnownFileType = sourcecode.swift; path = FeedView.swift; sourceTree = "<group>"; };
		EF91997B2AB99888000A6364 /* NetworkError.swift */ = {isa = PBXFileReference; lastKnownFileType = sourcecode.swift; path = NetworkError.swift; sourceTree = "<group>"; };
		EF9921E72AEFD3B500012F2B /* UIImage+Extension.swift */ = {isa = PBXFileReference; lastKnownFileType = sourcecode.swift; path = "UIImage+Extension.swift"; sourceTree = "<group>"; };
		EF9D6CE02AD423CD00A23513 /* PickerSettingsCell.swift */ = {isa = PBXFileReference; lastKnownFileType = sourcecode.swift; path = PickerSettingsCell.swift; sourceTree = "<group>"; };
		EFB37FF82AC440550046BCF7 /* SettingsViewController.swift */ = {isa = PBXFileReference; lastKnownFileType = sourcecode.swift; path = SettingsViewController.swift; sourceTree = "<group>"; };
		EFB37FFA2AC46CF20046BCF7 /* SettingsView.swift */ = {isa = PBXFileReference; lastKnownFileType = sourcecode.swift; path = SettingsView.swift; sourceTree = "<group>"; };
		EFB37FFC2AC4746B0046BCF7 /* ArticleSettingsCell.swift */ = {isa = PBXFileReference; lastKnownFileType = sourcecode.swift; path = ArticleSettingsCell.swift; sourceTree = "<group>"; };
		EFB37FFE2AC4A2100046BCF7 /* UIViewController+Extension.swift */ = {isa = PBXFileReference; lastKnownFileType = sourcecode.swift; path = "UIViewController+Extension.swift"; sourceTree = "<group>"; };
		EFB380012AC583EF0046BCF7 /* SearchSettingsCell.swift */ = {isa = PBXFileReference; lastKnownFileType = sourcecode.swift; path = SearchSettingsCell.swift; sourceTree = "<group>"; };
		EFB380042AC5B2580046BCF7 /* SettingsPresenter.swift */ = {isa = PBXFileReference; lastKnownFileType = sourcecode.swift; path = SettingsPresenter.swift; sourceTree = "<group>"; };
		EFB380062AC5B26F0046BCF7 /* SettingsAssembly.swift */ = {isa = PBXFileReference; lastKnownFileType = sourcecode.swift; path = SettingsAssembly.swift; sourceTree = "<group>"; };
		EFB380082AC5E7A40046BCF7 /* Request.swift */ = {isa = PBXFileReference; lastKnownFileType = sourcecode.swift; path = Request.swift; sourceTree = "<group>"; };
		EFD0AD572AD089A8008A7631 /* .gitignore */ = {isa = PBXFileReference; lastKnownFileType = text; path = .gitignore; sourceTree = "<group>"; };
		EFF046B72AB0939F00121D66 /* .swiftlint.yml */ = {isa = PBXFileReference; lastKnownFileType = text.yaml; path = .swiftlint.yml; sourceTree = "<group>"; };
/* End PBXFileReference section */

/* Begin PBXFrameworksBuildPhase section */
		EF85DB902A9F5A2C00CD9295 /* Frameworks */ = {
			isa = PBXFrameworksBuildPhase;
			buildActionMask = 2147483647;
			files = (
			);
			runOnlyForDeploymentPostprocessing = 0;
		};
/* End PBXFrameworksBuildPhase section */

/* Begin PBXGroup section */
		EF2897D22AA770FC00B9A335 /* Extensions */ = {
			isa = PBXGroup;
			children = (
				EF2897D02AA770F100B9A335 /* String+Extensions.swift */,
				EF2897D42AA7720C00B9A335 /* Array+Extensions.swift */,
				EF038F2C2AE4177900C0C37B /* Date+Extension.swift */,
				EFB37FFE2AC4A2100046BCF7 /* UIViewController+Extension.swift */,
				EF0138342ACD7E61002B5D78 /* UIView+Extensions.swift */,
				EF2E82852AAB77FD0065F4C5 /* UILabel+Extensions.swift */,
				EF038F262AE1266400C0C37B /* UITableView+Extension.swift */,
				EF038F282AE126A200C0C37B /* UITableViewCell+Extension.swift */,
				EF9921E72AEFD3B500012F2B /* UIImage+Extension.swift */,
			);
			path = Extensions;
			sourceTree = "<group>";
		};
		EF2897D32AA7717B00B9A335 /* Services */ = {
			isa = PBXGroup;
			children = (
				EF9892C22ABCA5D60015D624 /* Persistence */,
				EF28C5162AA1D04800B68649 /* Networking */,
			);
			path = Services;
			sourceTree = "<group>";
		};
		EF28C5112AA0E40A00B68649 /* FeedView */ = {
			isa = PBXGroup;
			children = (
				EF85DB9A2A9F5A2C00CD9295 /* FeedViewController.swift */,
				EF85DBAA2A9F7A6700CD9295 /* FeedView.swift */,
				EF28C50B2AA06D9A00B68649 /* FeedCell.swift */,
			);
			path = FeedView;
			sourceTree = "<group>";
		};
		EF28C5162AA1D04800B68649 /* Networking */ = {
			isa = PBXGroup;
			children = (
				EF28C5122AA1CF2F00B68649 /* NetworkService.swift */,
				EF2897CC2AA7210000B9A335 /* APIRequestBuilder.swift */,
				EF91997B2AB99888000A6364 /* NetworkError.swift */,
			);
			path = Networking;
			sourceTree = "<group>";
		};
		EF28C5172AA2093600B68649 /* Supporting Files */ = {
			isa = PBXGroup;
			children = (
				EF85DB9F2A9F5A2E00CD9295 /* Assets.xcassets */,
				EF0138362ACDA1E1002B5D78 /* Colors.xcassets */,
				EF85DBA12A9F5A2E00CD9295 /* LaunchScreen.storyboard */,
				EF85DBA42A9F5A2E00CD9295 /* Info.plist */,
			);
			path = "Supporting Files";
			sourceTree = "<group>";
		};
		EF28C51C2AA239E700B68649 /* Feed */ = {
			isa = PBXGroup;
			children = (
				EF28C51A2AA233F900B68649 /* FeedAssembly.swift */,
				EF28C50F2AA0CD4600B68649 /* FeedPresenter.swift */,
				EF28C5112AA0E40A00B68649 /* FeedView */,
			);
			path = Feed;
			sourceTree = "<group>";
		};
		EF28C5272AA343FB00B68649 /* ArticleView */ = {
			isa = PBXGroup;
			children = (
				EF28C51F2AA3432700B68649 /* ArticleViewController.swift */,
				EF28C5212AA3436000B68649 /* ArticleView.swift */,
			);
			path = ArticleView;
			sourceTree = "<group>";
		};
		EF28C5282AA3442900B68649 /* Article */ = {
			isa = PBXGroup;
			children = (
				EF28C5252AA343DF00B68649 /* ArticleAssembly.swift */,
				EF28C5232AA343AD00B68649 /* ArticlePresenter.swift */,
				EF28C5272AA343FB00B68649 /* ArticleView */,
			);
			path = Article;
			sourceTree = "<group>";
		};
		EF2E828B2AABA30C0065F4C5 /* DataManager */ = {
			isa = PBXGroup;
			children = (
				EF4E320B2AB35A5A005C0E04 /* DataManager.swift */,
			);
			path = DataManager;
			sourceTree = "<group>";
		};
		EF4289382AE7E71B0038BFD5 /* Saved */ = {
			isa = PBXGroup;
			children = (
				EF4289362AE7E7160038BFD5 /* SavedNewsViewController.swift */,
				EF42893B2AE807130038BFD5 /* SavedNewsCell.swift */,
			);
			path = Saved;
			sourceTree = "<group>";
		};
		EF4E320D2AB440DB005C0E04 /* WebArticle */ = {
			isa = PBXGroup;
			children = (
				EF2897D82AA9DA8F00B9A335 /* WebArticleViewController.swift */,
			);
			path = WebArticle;
			sourceTree = "<group>";
		};
		EF85DB8A2A9F5A2C00CD9295 = {
			isa = PBXGroup;
			children = (
				EF85DB952A9F5A2C00CD9295 /* NewsCatcher */,
				EF85DB942A9F5A2C00CD9295 /* Products */,
			);
			sourceTree = "<group>";
		};
		EF85DB942A9F5A2C00CD9295 /* Products */ = {
			isa = PBXGroup;
			children = (
				EF85DB932A9F5A2C00CD9295 /* NewsCatcher.app */,
			);
			name = Products;
			sourceTree = "<group>";
		};
		EF85DB952A9F5A2C00CD9295 /* NewsCatcher */ = {
			isa = PBXGroup;
			children = (
				EF9892C12ABCA30C0015D624 /* Models */,
				EF2E828B2AABA30C0065F4C5 /* DataManager */,
				EF2897D32AA7717B00B9A335 /* Services */,
				EFD4E5E62ACF22890090A53B /* Modules */,
				EF2897D22AA770FC00B9A335 /* Extensions */,
				EF9892C32ABCA6860015D624 /* Root */,
				EF28C5172AA2093600B68649 /* Supporting Files */,
				EFF046B72AB0939F00121D66 /* .swiftlint.yml */,
				EF0C27E02AB0BD7600F546BF /* .swiftformat */,
				EFD0AD572AD089A8008A7631 /* .gitignore */,
			);
			path = NewsCatcher;
			sourceTree = "<group>";
		};
		EF9892C12ABCA30C0015D624 /* Models */ = {
			isa = PBXGroup;
			children = (
				EF28C5142AA1CFFC00B68649 /* News.swift */,
				EFB380082AC5E7A40046BCF7 /* Request.swift */,
			);
			path = Models;
			sourceTree = "<group>";
		};
		EF9892C22ABCA5D60015D624 /* Persistence */ = {
			isa = PBXGroup;
			children = (
				EF28C51D2AA3146800B68649 /* PersistenceService.swift */,
			);
			path = Persistence;
			sourceTree = "<group>";
		};
		EF9892C32ABCA6860015D624 /* Root */ = {
			isa = PBXGroup;
			children = (
				EF85DB962A9F5A2C00CD9295 /* AppDelegate.swift */,
				EF85DB982A9F5A2C00CD9295 /* SceneDelegate.swift */,
				EF2E828C2AABA3280065F4C5 /* NewsCatcherAssembly.swift */,
			);
			path = Root;
			sourceTree = "<group>";
		};
		EFB380002AC4A27F0046BCF7 /* Settings */ = {
			isa = PBXGroup;
			children = (
				EFB380062AC5B26F0046BCF7 /* SettingsAssembly.swift */,
				EFB380042AC5B2580046BCF7 /* SettingsPresenter.swift */,
				EFB380032AC5B23C0046BCF7 /* SettingsView */,
			);
			path = Settings;
			sourceTree = "<group>";
		};
		EFB380032AC5B23C0046BCF7 /* SettingsView */ = {
			isa = PBXGroup;
			children = (
				EFB37FF82AC440550046BCF7 /* SettingsViewController.swift */,
				EFB37FFA2AC46CF20046BCF7 /* SettingsView.swift */,
				EFB37FFC2AC4746B0046BCF7 /* ArticleSettingsCell.swift */,
				EF9D6CE02AD423CD00A23513 /* PickerSettingsCell.swift */,
				EFB380012AC583EF0046BCF7 /* SearchSettingsCell.swift */,
			);
			path = SettingsView;
			sourceTree = "<group>";
		};
		EFD4E5E62ACF22890090A53B /* Modules */ = {
			isa = PBXGroup;
			children = (
				EF28C51C2AA239E700B68649 /* Feed */,
				EFB380002AC4A27F0046BCF7 /* Settings */,
				EF28C5282AA3442900B68649 /* Article */,
				EF4E320D2AB440DB005C0E04 /* WebArticle */,
				EF4289382AE7E71B0038BFD5 /* Saved */,
			);
			path = Modules;
			sourceTree = "<group>";
		};
/* End PBXGroup section */

/* Begin PBXNativeTarget section */
		EF85DB922A9F5A2C00CD9295 /* NewsCatcher */ = {
			isa = PBXNativeTarget;
			buildConfigurationList = EF85DBA72A9F5A2E00CD9295 /* Build configuration list for PBXNativeTarget "NewsCatcher" */;
			buildPhases = (
				EFF046B62AB0802200121D66 /* Swiftlint */,
				EF85DB8F2A9F5A2C00CD9295 /* Sources */,
				EF85DB902A9F5A2C00CD9295 /* Frameworks */,
				EF85DB912A9F5A2C00CD9295 /* Resources */,
			);
			buildRules = (
			);
			dependencies = (
			);
			name = NewsCatcher;
			productName = NewsCatcher;
			productReference = EF85DB932A9F5A2C00CD9295 /* NewsCatcher.app */;
			productType = "com.apple.product-type.application";
		};
/* End PBXNativeTarget section */

/* Begin PBXProject section */
		EF85DB8B2A9F5A2C00CD9295 /* Project object */ = {
			isa = PBXProject;
			attributes = {
				BuildIndependentTargetsInParallel = 1;
				LastSwiftUpdateCheck = 1430;
				LastUpgradeCheck = 1430;
				TargetAttributes = {
					EF85DB922A9F5A2C00CD9295 = {
						CreatedOnToolsVersion = 14.3.1;
					};
				};
			};
			buildConfigurationList = EF85DB8E2A9F5A2C00CD9295 /* Build configuration list for PBXProject "NewsCatcher" */;
			compatibilityVersion = "Xcode 14.0";
			developmentRegion = en;
			hasScannedForEncodings = 0;
			knownRegions = (
				en,
				Base,
			);
			mainGroup = EF85DB8A2A9F5A2C00CD9295;
			productRefGroup = EF85DB942A9F5A2C00CD9295 /* Products */;
			projectDirPath = "";
			projectRoot = "";
			targets = (
				EF85DB922A9F5A2C00CD9295 /* NewsCatcher */,
			);
		};
/* End PBXProject section */

/* Begin PBXResourcesBuildPhase section */
		EF85DB912A9F5A2C00CD9295 /* Resources */ = {
			isa = PBXResourcesBuildPhase;
			buildActionMask = 2147483647;
			files = (
				EF0138372ACDA1E1002B5D78 /* Colors.xcassets in Resources */,
				EF0C27E12AB0BD7600F546BF /* .swiftformat in Resources */,
				EFF046B82AB0939F00121D66 /* .swiftlint.yml in Resources */,
				EF85DBA32A9F5A2E00CD9295 /* LaunchScreen.storyboard in Resources */,
				EFD0AD582AD089A8008A7631 /* .gitignore in Resources */,
				EF85DBA02A9F5A2E00CD9295 /* Assets.xcassets in Resources */,
			);
			runOnlyForDeploymentPostprocessing = 0;
		};
/* End PBXResourcesBuildPhase section */

/* Begin PBXShellScriptBuildPhase section */
		EFF046B62AB0802200121D66 /* Swiftlint */ = {
			isa = PBXShellScriptBuildPhase;
			alwaysOutOfDate = 1;
			buildActionMask = 2147483647;
			files = (
			);
			inputFileListPaths = (
			);
			inputPaths = (
			);
			name = Swiftlint;
			outputFileListPaths = (
			);
			outputPaths = (
			);
			runOnlyForDeploymentPostprocessing = 0;
			shellPath = /bin/sh;
			shellScript = "if which swiftlint >/dev/null; then\n  swiftlint\nelse\n  echo \"warning SwiftLint not installed, download it from https://github.com/realm/SwiftLint\"\nfi\n";
		};
/* End PBXShellScriptBuildPhase section */

/* Begin PBXSourcesBuildPhase section */
		EF85DB8F2A9F5A2C00CD9295 /* Sources */ = {
			isa = PBXSourcesBuildPhase;
			buildActionMask = 2147483647;
			files = (
				EF2E828D2AABA3280065F4C5 /* NewsCatcherAssembly.swift in Sources */,
				EF28C5202AA3432700B68649 /* ArticleViewController.swift in Sources */,
				EF91997C2AB99888000A6364 /* NetworkError.swift in Sources */,
				EF85DBAB2A9F7A6700CD9295 /* FeedView.swift in Sources */,
				EFB380092AC5E7A40046BCF7 /* Request.swift in Sources */,
				EF038F292AE126A200C0C37B /* UITableViewCell+Extension.swift in Sources */,
				EFB380072AC5B26F0046BCF7 /* SettingsAssembly.swift in Sources */,
				EF28C50C2AA06D9A00B68649 /* FeedCell.swift in Sources */,
				EF85DB9B2A9F5A2C00CD9295 /* FeedViewController.swift in Sources */,
				EF2897D12AA770F100B9A335 /* String+Extensions.swift in Sources */,
				EF2E82862AAB77FD0065F4C5 /* UILabel+Extensions.swift in Sources */,
				EF28C5132AA1CF2F00B68649 /* NetworkService.swift in Sources */,
				EF038F272AE1266400C0C37B /* UITableView+Extension.swift in Sources */,
				EFB37FFB2AC46CF20046BCF7 /* SettingsView.swift in Sources */,
				EF85DB972A9F5A2C00CD9295 /* AppDelegate.swift in Sources */,
				EF9D6CE12AD423CD00A23513 /* PickerSettingsCell.swift in Sources */,
				EF9921E82AEFD3B500012F2B /* UIImage+Extension.swift in Sources */,
				EF4289372AE7E7160038BFD5 /* SavedNewsViewController.swift in Sources */,
				EF28C5102AA0CD4600B68649 /* FeedPresenter.swift in Sources */,
				EF28C51E2AA3146800B68649 /* PersistenceService.swift in Sources */,
				EF2897D92AA9DA8F00B9A335 /* WebArticleViewController.swift in Sources */,
				EFB37FFD2AC4746B0046BCF7 /* ArticleSettingsCell.swift in Sources */,
				EF28C5152AA1CFFC00B68649 /* News.swift in Sources */,
				EF28C51B2AA233F900B68649 /* FeedAssembly.swift in Sources */,
				EFB37FF92AC440550046BCF7 /* SettingsViewController.swift in Sources */,
				EF4E320C2AB35A5A005C0E04 /* DataManager.swift in Sources */,
				EF28C5242AA343AD00B68649 /* ArticlePresenter.swift in Sources */,
				EF038F2D2AE4177900C0C37B /* Date+Extension.swift in Sources */,
				EF2897CD2AA7210000B9A335 /* APIRequestBuilder.swift in Sources */,
				EFB380022AC583EF0046BCF7 /* SearchSettingsCell.swift in Sources */,
				EF28C5262AA343DF00B68649 /* ArticleAssembly.swift in Sources */,
				EF28C5222AA3436000B68649 /* ArticleView.swift in Sources */,
				EF2897D52AA7720C00B9A335 /* Array+Extensions.swift in Sources */,
				EF42893C2AE807130038BFD5 /* SavedNewsCell.swift in Sources */,
				EFB37FFF2AC4A2100046BCF7 /* UIViewController+Extension.swift in Sources */,
				EF0138352ACD7E61002B5D78 /* UIView+Extensions.swift in Sources */,
				EF85DB992A9F5A2C00CD9295 /* SceneDelegate.swift in Sources */,
				EFB380052AC5B2580046BCF7 /* SettingsPresenter.swift in Sources */,
			);
			runOnlyForDeploymentPostprocessing = 0;
		};
/* End PBXSourcesBuildPhase section */

/* Begin PBXVariantGroup section */
		EF85DBA12A9F5A2E00CD9295 /* LaunchScreen.storyboard */ = {
			isa = PBXVariantGroup;
			children = (
				EF85DBA22A9F5A2E00CD9295 /* Base */,
			);
			name = LaunchScreen.storyboard;
			sourceTree = "<group>";
		};
/* End PBXVariantGroup section */

/* Begin XCBuildConfiguration section */
		EF85DBA52A9F5A2E00CD9295 /* Debug */ = {
			isa = XCBuildConfiguration;
			buildSettings = {
				ALWAYS_SEARCH_USER_PATHS = NO;
				CLANG_ANALYZER_NONNULL = YES;
				CLANG_ANALYZER_NUMBER_OBJECT_CONVERSION = YES_AGGRESSIVE;
				CLANG_CXX_LANGUAGE_STANDARD = "gnu++20";
				CLANG_ENABLE_MODULES = YES;
				CLANG_ENABLE_OBJC_ARC = YES;
				CLANG_ENABLE_OBJC_WEAK = YES;
				CLANG_WARN_BLOCK_CAPTURE_AUTORELEASING = YES;
				CLANG_WARN_BOOL_CONVERSION = YES;
				CLANG_WARN_COMMA = YES;
				CLANG_WARN_CONSTANT_CONVERSION = YES;
				CLANG_WARN_DEPRECATED_OBJC_IMPLEMENTATIONS = YES;
				CLANG_WARN_DIRECT_OBJC_ISA_USAGE = YES_ERROR;
				CLANG_WARN_DOCUMENTATION_COMMENTS = YES;
				CLANG_WARN_EMPTY_BODY = YES;
				CLANG_WARN_ENUM_CONVERSION = YES;
				CLANG_WARN_INFINITE_RECURSION = YES;
				CLANG_WARN_INT_CONVERSION = YES;
				CLANG_WARN_NON_LITERAL_NULL_CONVERSION = YES;
				CLANG_WARN_OBJC_IMPLICIT_RETAIN_SELF = YES;
				CLANG_WARN_OBJC_LITERAL_CONVERSION = YES;
				CLANG_WARN_OBJC_ROOT_CLASS = YES_ERROR;
				CLANG_WARN_QUOTED_INCLUDE_IN_FRAMEWORK_HEADER = YES;
				CLANG_WARN_RANGE_LOOP_ANALYSIS = YES;
				CLANG_WARN_STRICT_PROTOTYPES = YES;
				CLANG_WARN_SUSPICIOUS_MOVE = YES;
				CLANG_WARN_UNGUARDED_AVAILABILITY = YES_AGGRESSIVE;
				CLANG_WARN_UNREACHABLE_CODE = YES;
				CLANG_WARN__DUPLICATE_METHOD_MATCH = YES;
				COPY_PHASE_STRIP = NO;
				DEBUG_INFORMATION_FORMAT = dwarf;
				ENABLE_STRICT_OBJC_MSGSEND = YES;
				ENABLE_TESTABILITY = YES;
				GCC_C_LANGUAGE_STANDARD = gnu11;
				GCC_DYNAMIC_NO_PIC = NO;
				GCC_NO_COMMON_BLOCKS = YES;
				GCC_OPTIMIZATION_LEVEL = 0;
				GCC_PREPROCESSOR_DEFINITIONS = (
					"DEBUG=1",
					"$(inherited)",
				);
				GCC_WARN_64_TO_32_BIT_CONVERSION = YES;
				GCC_WARN_ABOUT_RETURN_TYPE = YES_ERROR;
				GCC_WARN_UNDECLARED_SELECTOR = YES;
				GCC_WARN_UNINITIALIZED_AUTOS = YES_AGGRESSIVE;
				GCC_WARN_UNUSED_FUNCTION = YES;
				GCC_WARN_UNUSED_VARIABLE = YES;
				IPHONEOS_DEPLOYMENT_TARGET = 15.0;
				MTL_ENABLE_DEBUG_INFO = INCLUDE_SOURCE;
				MTL_FAST_MATH = YES;
				ONLY_ACTIVE_ARCH = YES;
				SDKROOT = iphoneos;
				SWIFT_ACTIVE_COMPILATION_CONDITIONS = DEBUG;
				SWIFT_OPTIMIZATION_LEVEL = "-Onone";
			};
			name = Debug;
		};
		EF85DBA62A9F5A2E00CD9295 /* Release */ = {
			isa = XCBuildConfiguration;
			buildSettings = {
				ALWAYS_SEARCH_USER_PATHS = NO;
				CLANG_ANALYZER_NONNULL = YES;
				CLANG_ANALYZER_NUMBER_OBJECT_CONVERSION = YES_AGGRESSIVE;
				CLANG_CXX_LANGUAGE_STANDARD = "gnu++20";
				CLANG_ENABLE_MODULES = YES;
				CLANG_ENABLE_OBJC_ARC = YES;
				CLANG_ENABLE_OBJC_WEAK = YES;
				CLANG_WARN_BLOCK_CAPTURE_AUTORELEASING = YES;
				CLANG_WARN_BOOL_CONVERSION = YES;
				CLANG_WARN_COMMA = YES;
				CLANG_WARN_CONSTANT_CONVERSION = YES;
				CLANG_WARN_DEPRECATED_OBJC_IMPLEMENTATIONS = YES;
				CLANG_WARN_DIRECT_OBJC_ISA_USAGE = YES_ERROR;
				CLANG_WARN_DOCUMENTATION_COMMENTS = YES;
				CLANG_WARN_EMPTY_BODY = YES;
				CLANG_WARN_ENUM_CONVERSION = YES;
				CLANG_WARN_INFINITE_RECURSION = YES;
				CLANG_WARN_INT_CONVERSION = YES;
				CLANG_WARN_NON_LITERAL_NULL_CONVERSION = YES;
				CLANG_WARN_OBJC_IMPLICIT_RETAIN_SELF = YES;
				CLANG_WARN_OBJC_LITERAL_CONVERSION = YES;
				CLANG_WARN_OBJC_ROOT_CLASS = YES_ERROR;
				CLANG_WARN_QUOTED_INCLUDE_IN_FRAMEWORK_HEADER = YES;
				CLANG_WARN_RANGE_LOOP_ANALYSIS = YES;
				CLANG_WARN_STRICT_PROTOTYPES = YES;
				CLANG_WARN_SUSPICIOUS_MOVE = YES;
				CLANG_WARN_UNGUARDED_AVAILABILITY = YES_AGGRESSIVE;
				CLANG_WARN_UNREACHABLE_CODE = YES;
				CLANG_WARN__DUPLICATE_METHOD_MATCH = YES;
				COPY_PHASE_STRIP = NO;
				DEBUG_INFORMATION_FORMAT = "dwarf-with-dsym";
				ENABLE_NS_ASSERTIONS = NO;
				ENABLE_STRICT_OBJC_MSGSEND = YES;
				GCC_C_LANGUAGE_STANDARD = gnu11;
				GCC_NO_COMMON_BLOCKS = YES;
				GCC_WARN_64_TO_32_BIT_CONVERSION = YES;
				GCC_WARN_ABOUT_RETURN_TYPE = YES_ERROR;
				GCC_WARN_UNDECLARED_SELECTOR = YES;
				GCC_WARN_UNINITIALIZED_AUTOS = YES_AGGRESSIVE;
				GCC_WARN_UNUSED_FUNCTION = YES;
				GCC_WARN_UNUSED_VARIABLE = YES;
				IPHONEOS_DEPLOYMENT_TARGET = 15.0;
				MTL_ENABLE_DEBUG_INFO = NO;
				MTL_FAST_MATH = YES;
				SDKROOT = iphoneos;
				SWIFT_COMPILATION_MODE = wholemodule;
				SWIFT_OPTIMIZATION_LEVEL = "-O";
				VALIDATE_PRODUCT = YES;
			};
			name = Release;
		};
		EF85DBA82A9F5A2E00CD9295 /* Debug */ = {
			isa = XCBuildConfiguration;
			buildSettings = {
				ASSETCATALOG_COMPILER_APPICON_NAME = AppIcon;
				ASSETCATALOG_COMPILER_GLOBAL_ACCENT_COLOR_NAME = AccentColor;
				CODE_SIGN_STYLE = Automatic;
				CURRENT_PROJECT_VERSION = 1;
				DEVELOPMENT_TEAM = FC7PVA7NK7;
				GENERATE_INFOPLIST_FILE = YES;
				INFOPLIST_FILE = "NewsCatcher/Supporting Files/Info.plist";
				INFOPLIST_KEY_UIApplicationSupportsIndirectInputEvents = YES;
				INFOPLIST_KEY_UILaunchStoryboardName = LaunchScreen;
				INFOPLIST_KEY_UISupportedInterfaceOrientations = "UIInterfaceOrientationLandscapeLeft UIInterfaceOrientationLandscapeRight UIInterfaceOrientationPortrait";
				INFOPLIST_KEY_UISupportedInterfaceOrientations_iPad = "UIInterfaceOrientationLandscapeLeft UIInterfaceOrientationLandscapeRight UIInterfaceOrientationPortrait UIInterfaceOrientationPortraitUpsideDown";
				IPHONEOS_DEPLOYMENT_TARGET = 15.0;
				LD_RUNPATH_SEARCH_PATHS = (
					"$(inherited)",
					"@executable_path/Frameworks",
				);
				MARKETING_VERSION = 1.0;
				PRODUCT_BUNDLE_IDENTIFIER = Iurii.Stepanchuk.NewsCatcher;
				PRODUCT_NAME = "$(TARGET_NAME)";
				SUPPORTED_PLATFORMS = "iphoneos iphonesimulator";
				SUPPORTS_MACCATALYST = NO;
				SUPPORTS_MAC_DESIGNED_FOR_IPHONE_IPAD = NO;
				SWIFT_EMIT_LOC_STRINGS = YES;
				SWIFT_VERSION = 5.0;
				TARGETED_DEVICE_FAMILY = "1,2";
			};
			name = Debug;
		};
		EF85DBA92A9F5A2E00CD9295 /* Release */ = {
			isa = XCBuildConfiguration;
			buildSettings = {
				ASSETCATALOG_COMPILER_APPICON_NAME = AppIcon;
				ASSETCATALOG_COMPILER_GLOBAL_ACCENT_COLOR_NAME = AccentColor;
				CODE_SIGN_STYLE = Automatic;
				CURRENT_PROJECT_VERSION = 1;
				DEVELOPMENT_TEAM = FC7PVA7NK7;
				GENERATE_INFOPLIST_FILE = YES;
				INFOPLIST_FILE = "NewsCatcher/Supporting Files/Info.plist";
				INFOPLIST_KEY_UIApplicationSupportsIndirectInputEvents = YES;
				INFOPLIST_KEY_UILaunchStoryboardName = LaunchScreen;
				INFOPLIST_KEY_UISupportedInterfaceOrientations = "UIInterfaceOrientationLandscapeLeft UIInterfaceOrientationLandscapeRight UIInterfaceOrientationPortrait";
				INFOPLIST_KEY_UISupportedInterfaceOrientations_iPad = "UIInterfaceOrientationLandscapeLeft UIInterfaceOrientationLandscapeRight UIInterfaceOrientationPortrait UIInterfaceOrientationPortraitUpsideDown";
				IPHONEOS_DEPLOYMENT_TARGET = 15.0;
				LD_RUNPATH_SEARCH_PATHS = (
					"$(inherited)",
					"@executable_path/Frameworks",
				);
				MARKETING_VERSION = 1.0;
				PRODUCT_BUNDLE_IDENTIFIER = Iurii.Stepanchuk.NewsCatcher;
				PRODUCT_NAME = "$(TARGET_NAME)";
				SUPPORTED_PLATFORMS = "iphoneos iphonesimulator";
				SUPPORTS_MACCATALYST = NO;
				SUPPORTS_MAC_DESIGNED_FOR_IPHONE_IPAD = NO;
				SWIFT_EMIT_LOC_STRINGS = YES;
				SWIFT_VERSION = 5.0;
				TARGETED_DEVICE_FAMILY = "1,2";
			};
			name = Release;
		};
/* End XCBuildConfiguration section */

/* Begin XCConfigurationList section */
		EF85DB8E2A9F5A2C00CD9295 /* Build configuration list for PBXProject "NewsCatcher" */ = {
			isa = XCConfigurationList;
			buildConfigurations = (
				EF85DBA52A9F5A2E00CD9295 /* Debug */,
				EF85DBA62A9F5A2E00CD9295 /* Release */,
			);
			defaultConfigurationIsVisible = 0;
			defaultConfigurationName = Release;
		};
		EF85DBA72A9F5A2E00CD9295 /* Build configuration list for PBXNativeTarget "NewsCatcher" */ = {
			isa = XCConfigurationList;
			buildConfigurations = (
				EF85DBA82A9F5A2E00CD9295 /* Debug */,
				EF85DBA92A9F5A2E00CD9295 /* Release */,
			);
			defaultConfigurationIsVisible = 0;
			defaultConfigurationName = Release;
		};
/* End XCConfigurationList section */
	};
	rootObject = EF85DB8B2A9F5A2C00CD9295 /* Project object */;
}
