// !$*UTF8*$!
{
	archiveVersion = 1;
	classes = {
	};
	objectVersion = 56;
	objects = {

/* Begin PBXBuildFile section */
		EF28C50C2AA06D9A00B68649 /* FeedCell.swift in Sources */ = {isa = PBXBuildFile; fileRef = EF28C50B2AA06D9A00B68649 /* FeedCell.swift */; };
		EF28C5102AA0CD4600B68649 /* FeedPresenter.swift in Sources */ = {isa = PBXBuildFile; fileRef = EF28C50F2AA0CD4600B68649 /* FeedPresenter.swift */; };
		EF28C5132AA1CF2F00B68649 /* NetworkManager.swift in Sources */ = {isa = PBXBuildFile; fileRef = EF28C5122AA1CF2F00B68649 /* NetworkManager.swift */; };
		EF28C5152AA1CFFC00B68649 /* GNews.swift in Sources */ = {isa = PBXBuildFile; fileRef = EF28C5142AA1CFFC00B68649 /* GNews.swift */; };
		EF28C5192AA217B700B68649 /* DataManager.swift in Sources */ = {isa = PBXBuildFile; fileRef = EF28C5182AA217B700B68649 /* DataManager.swift */; };
		EF28C51B2AA233F900B68649 /* FeedAssembly.swift in Sources */ = {isa = PBXBuildFile; fileRef = EF28C51A2AA233F900B68649 /* FeedAssembly.swift */; };
		EF28C51E2AA3146800B68649 /* CacheManager.swift in Sources */ = {isa = PBXBuildFile; fileRef = EF28C51D2AA3146800B68649 /* CacheManager.swift */; };
		EF85DB972A9F5A2C00CD9295 /* AppDelegate.swift in Sources */ = {isa = PBXBuildFile; fileRef = EF85DB962A9F5A2C00CD9295 /* AppDelegate.swift */; };
		EF85DB992A9F5A2C00CD9295 /* SceneDelegate.swift in Sources */ = {isa = PBXBuildFile; fileRef = EF85DB982A9F5A2C00CD9295 /* SceneDelegate.swift */; };
		EF85DB9B2A9F5A2C00CD9295 /* FeedViewController.swift in Sources */ = {isa = PBXBuildFile; fileRef = EF85DB9A2A9F5A2C00CD9295 /* FeedViewController.swift */; };
		EF85DBA02A9F5A2E00CD9295 /* Assets.xcassets in Resources */ = {isa = PBXBuildFile; fileRef = EF85DB9F2A9F5A2E00CD9295 /* Assets.xcassets */; };
		EF85DBA32A9F5A2E00CD9295 /* LaunchScreen.storyboard in Resources */ = {isa = PBXBuildFile; fileRef = EF85DBA12A9F5A2E00CD9295 /* LaunchScreen.storyboard */; };
		EF85DBAB2A9F7A6700CD9295 /* FeedView.swift in Sources */ = {isa = PBXBuildFile; fileRef = EF85DBAA2A9F7A6700CD9295 /* FeedView.swift */; };
/* End PBXBuildFile section */

/* Begin PBXFileReference section */
		EF28C50B2AA06D9A00B68649 /* FeedCell.swift */ = {isa = PBXFileReference; lastKnownFileType = sourcecode.swift; path = FeedCell.swift; sourceTree = "<group>"; };
		EF28C50F2AA0CD4600B68649 /* FeedPresenter.swift */ = {isa = PBXFileReference; lastKnownFileType = sourcecode.swift; path = FeedPresenter.swift; sourceTree = "<group>"; };
		EF28C5122AA1CF2F00B68649 /* NetworkManager.swift */ = {isa = PBXFileReference; lastKnownFileType = sourcecode.swift; path = NetworkManager.swift; sourceTree = "<group>"; };
		EF28C5142AA1CFFC00B68649 /* GNews.swift */ = {isa = PBXFileReference; lastKnownFileType = sourcecode.swift; path = GNews.swift; sourceTree = "<group>"; };
		EF28C5182AA217B700B68649 /* DataManager.swift */ = {isa = PBXFileReference; lastKnownFileType = sourcecode.swift; path = DataManager.swift; sourceTree = "<group>"; };
		EF28C51A2AA233F900B68649 /* FeedAssembly.swift */ = {isa = PBXFileReference; lastKnownFileType = sourcecode.swift; path = FeedAssembly.swift; sourceTree = "<group>"; };
		EF28C51D2AA3146800B68649 /* CacheManager.swift */ = {isa = PBXFileReference; lastKnownFileType = sourcecode.swift; path = CacheManager.swift; sourceTree = "<group>"; };
		EF85DB932A9F5A2C00CD9295 /* NewsCatcher.app */ = {isa = PBXFileReference; explicitFileType = wrapper.application; includeInIndex = 0; path = NewsCatcher.app; sourceTree = BUILT_PRODUCTS_DIR; };
		EF85DB962A9F5A2C00CD9295 /* AppDelegate.swift */ = {isa = PBXFileReference; lastKnownFileType = sourcecode.swift; path = AppDelegate.swift; sourceTree = "<group>"; };
		EF85DB982A9F5A2C00CD9295 /* SceneDelegate.swift */ = {isa = PBXFileReference; lastKnownFileType = sourcecode.swift; path = SceneDelegate.swift; sourceTree = "<group>"; };
		EF85DB9A2A9F5A2C00CD9295 /* FeedViewController.swift */ = {isa = PBXFileReference; lastKnownFileType = sourcecode.swift; path = FeedViewController.swift; sourceTree = "<group>"; };
		EF85DB9F2A9F5A2E00CD9295 /* Assets.xcassets */ = {isa = PBXFileReference; lastKnownFileType = folder.assetcatalog; path = Assets.xcassets; sourceTree = "<group>"; };
		EF85DBA22A9F5A2E00CD9295 /* Base */ = {isa = PBXFileReference; lastKnownFileType = file.storyboard; name = Base; path = Base.lproj/LaunchScreen.storyboard; sourceTree = "<group>"; };
		EF85DBA42A9F5A2E00CD9295 /* Info.plist */ = {isa = PBXFileReference; lastKnownFileType = text.plist.xml; path = Info.plist; sourceTree = "<group>"; };
		EF85DBAA2A9F7A6700CD9295 /* FeedView.swift */ = {isa = PBXFileReference; lastKnownFileType = sourcecode.swift; path = FeedView.swift; sourceTree = "<group>"; };
/* End PBXFileReference section */

/* Begin PBXFrameworksBuildPhase section */
		EF85DB902A9F5A2C00CD9295 /* Frameworks */ = {
			isa = PBXFrameworksBuildPhase;
			buildActionMask = 2147483647;
			files = (
			);
			runOnlyForDeploymentPostprocessing = 0;
		};
/* End PBXFrameworksBuildPhase section */

/* Begin PBXGroup section */
		EF28C5112AA0E40A00B68649 /* FeedView */ = {
			isa = PBXGroup;
			children = (
				EF85DB9A2A9F5A2C00CD9295 /* FeedViewController.swift */,
				EF85DBAA2A9F7A6700CD9295 /* FeedView.swift */,
				EF28C50B2AA06D9A00B68649 /* FeedCell.swift */,
			);
			path = FeedView;
			sourceTree = "<group>";
		};
		EF28C5162AA1D04800B68649 /* Networking */ = {
			isa = PBXGroup;
			children = (
				EF28C5122AA1CF2F00B68649 /* NetworkManager.swift */,
				EF28C5142AA1CFFC00B68649 /* GNews.swift */,
			);
			path = Networking;
			sourceTree = "<group>";
		};
		EF28C5172AA2093600B68649 /* Supporting Files */ = {
			isa = PBXGroup;
			children = (
				EF85DB962A9F5A2C00CD9295 /* AppDelegate.swift */,
				EF85DB982A9F5A2C00CD9295 /* SceneDelegate.swift */,
				EF85DB9F2A9F5A2E00CD9295 /* Assets.xcassets */,
				EF85DBA12A9F5A2E00CD9295 /* LaunchScreen.storyboard */,
				EF85DBA42A9F5A2E00CD9295 /* Info.plist */,
			);
			path = "Supporting Files";
			sourceTree = "<group>";
		};
		EF28C51C2AA239E700B68649 /* FeedModule */ = {
			isa = PBXGroup;
			children = (
				EF28C51A2AA233F900B68649 /* FeedAssembly.swift */,
				EF28C5112AA0E40A00B68649 /* FeedView */,
				EF28C50F2AA0CD4600B68649 /* FeedPresenter.swift */,
			);
			path = FeedModule;
			sourceTree = "<group>";
		};
		EF85DB8A2A9F5A2C00CD9295 = {
			isa = PBXGroup;
			children = (
				EF85DB952A9F5A2C00CD9295 /* NewsCatcher */,
				EF85DB942A9F5A2C00CD9295 /* Products */,
			);
			sourceTree = "<group>";
		};
		EF85DB942A9F5A2C00CD9295 /* Products */ = {
			isa = PBXGroup;
			children = (
				EF85DB932A9F5A2C00CD9295 /* NewsCatcher.app */,
			);
			name = Products;
			sourceTree = "<group>";
		};
		EF85DB952A9F5A2C00CD9295 /* NewsCatcher */ = {
			isa = PBXGroup;
			children = (
				EF28C5182AA217B700B68649 /* DataManager.swift */,
				EF28C51D2AA3146800B68649 /* CacheManager.swift */,
				EF28C51C2AA239E700B68649 /* FeedModule */,
				EF28C5162AA1D04800B68649 /* Networking */,
				EF28C5172AA2093600B68649 /* Supporting Files */,
			);
			path = NewsCatcher;
			sourceTree = "<group>";
		};
/* End PBXGroup section */

/* Begin PBXNativeTarget section */
		EF85DB922A9F5A2C00CD9295 /* NewsCatcher */ = {
			isa = PBXNativeTarget;
			buildConfigurationList = EF85DBA72A9F5A2E00CD9295 /* Build configuration list for PBXNativeTarget "NewsCatcher" */;
			buildPhases = (
				EF85DB8F2A9F5A2C00CD9295 /* Sources */,
				EF85DB902A9F5A2C00CD9295 /* Frameworks */,
				EF85DB912A9F5A2C00CD9295 /* Resources */,
			);
			buildRules = (
			);
			dependencies = (
			);
			name = NewsCatcher;
			productName = NewsCatcher;
			productReference = EF85DB932A9F5A2C00CD9295 /* NewsCatcher.app */;
			productType = "com.apple.product-type.application";
		};
/* End PBXNativeTarget section */

/* Begin PBXProject section */
		EF85DB8B2A9F5A2C00CD9295 /* Project object */ = {
			isa = PBXProject;
			attributes = {
				BuildIndependentTargetsInParallel = 1;
				LastSwiftUpdateCheck = 1430;
				LastUpgradeCheck = 1430;
				TargetAttributes = {
					EF85DB922A9F5A2C00CD9295 = {
						CreatedOnToolsVersion = 14.3.1;
					};
				};
			};
			buildConfigurationList = EF85DB8E2A9F5A2C00CD9295 /* Build configuration list for PBXProject "NewsCatcher" */;
			compatibilityVersion = "Xcode 14.0";
			developmentRegion = en;
			hasScannedForEncodings = 0;
			knownRegions = (
				en,
				Base,
			);
			mainGroup = EF85DB8A2A9F5A2C00CD9295;
			productRefGroup = EF85DB942A9F5A2C00CD9295 /* Products */;
			projectDirPath = "";
			projectRoot = "";
			targets = (
				EF85DB922A9F5A2C00CD9295 /* NewsCatcher */,
			);
		};
/* End PBXProject section */

/* Begin PBXResourcesBuildPhase section */
		EF85DB912A9F5A2C00CD9295 /* Resources */ = {
			isa = PBXResourcesBuildPhase;
			buildActionMask = 2147483647;
			files = (
				EF85DBA32A9F5A2E00CD9295 /* LaunchScreen.storyboard in Resources */,
				EF85DBA02A9F5A2E00CD9295 /* Assets.xcassets in Resources */,
			);
			runOnlyForDeploymentPostprocessing = 0;
		};
/* End PBXResourcesBuildPhase section */

/* Begin PBXSourcesBuildPhase section */
		EF85DB8F2A9F5A2C00CD9295 /* Sources */ = {
			isa = PBXSourcesBuildPhase;
			buildActionMask = 2147483647;
			files = (
				EF85DBAB2A9F7A6700CD9295 /* FeedView.swift in Sources */,
				EF28C50C2AA06D9A00B68649 /* FeedCell.swift in Sources */,
				EF85DB9B2A9F5A2C00CD9295 /* FeedViewController.swift in Sources */,
				EF28C5132AA1CF2F00B68649 /* NetworkManager.swift in Sources */,
				EF85DB972A9F5A2C00CD9295 /* AppDelegate.swift in Sources */,
				EF28C5102AA0CD4600B68649 /* FeedPresenter.swift in Sources */,
				EF28C51E2AA3146800B68649 /* CacheManager.swift in Sources */,
				EF28C5152AA1CFFC00B68649 /* GNews.swift in Sources */,
				EF28C51B2AA233F900B68649 /* FeedAssembly.swift in Sources */,
				EF28C5192AA217B700B68649 /* DataManager.swift in Sources */,
				EF85DB992A9F5A2C00CD9295 /* SceneDelegate.swift in Sources */,
			);
			runOnlyForDeploymentPostprocessing = 0;
		};
/* End PBXSourcesBuildPhase section */

/* Begin PBXVariantGroup section */
		EF85DBA12A9F5A2E00CD9295 /* LaunchScreen.storyboard */ = {
			isa = PBXVariantGroup;
			children = (
				EF85DBA22A9F5A2E00CD9295 /* Base */,
			);
			name = LaunchScreen.storyboard;
			sourceTree = "<group>";
		};
/* End PBXVariantGroup section */

/* Begin XCBuildConfiguration section */
		EF85DBA52A9F5A2E00CD9295 /* Debug */ = {
			isa = XCBuildConfiguration;
			buildSettings = {
				ALWAYS_SEARCH_USER_PATHS = NO;
				CLANG_ANALYZER_NONNULL = YES;
				CLANG_ANALYZER_NUMBER_OBJECT_CONVERSION = YES_AGGRESSIVE;
				CLANG_CXX_LANGUAGE_STANDARD = "gnu++20";
				CLANG_ENABLE_MODULES = YES;
				CLANG_ENABLE_OBJC_ARC = YES;
				CLANG_ENABLE_OBJC_WEAK = YES;
				CLANG_WARN_BLOCK_CAPTURE_AUTORELEASING = YES;
				CLANG_WARN_BOOL_CONVERSION = YES;
				CLANG_WARN_COMMA = YES;
				CLANG_WARN_CONSTANT_CONVERSION = YES;
				CLANG_WARN_DEPRECATED_OBJC_IMPLEMENTATIONS = YES;
				CLANG_WARN_DIRECT_OBJC_ISA_USAGE = YES_ERROR;
				CLANG_WARN_DOCUMENTATION_COMMENTS = YES;
				CLANG_WARN_EMPTY_BODY = YES;
				CLANG_WARN_ENUM_CONVERSION = YES;
				CLANG_WARN_INFINITE_RECURSION = YES;
				CLANG_WARN_INT_CONVERSION = YES;
				CLANG_WARN_NON_LITERAL_NULL_CONVERSION = YES;
				CLANG_WARN_OBJC_IMPLICIT_RETAIN_SELF = YES;
				CLANG_WARN_OBJC_LITERAL_CONVERSION = YES;
				CLANG_WARN_OBJC_ROOT_CLASS = YES_ERROR;
				CLANG_WARN_QUOTED_INCLUDE_IN_FRAMEWORK_HEADER = YES;
				CLANG_WARN_RANGE_LOOP_ANALYSIS = YES;
				CLANG_WARN_STRICT_PROTOTYPES = YES;
				CLANG_WARN_SUSPICIOUS_MOVE = YES;
				CLANG_WARN_UNGUARDED_AVAILABILITY = YES_AGGRESSIVE;
				CLANG_WARN_UNREACHABLE_CODE = YES;
				CLANG_WARN__DUPLICATE_METHOD_MATCH = YES;
				COPY_PHASE_STRIP = NO;
				DEBUG_INFORMATION_FORMAT = dwarf;
				ENABLE_STRICT_OBJC_MSGSEND = YES;
				ENABLE_TESTABILITY = YES;
				GCC_C_LANGUAGE_STANDARD = gnu11;
				GCC_DYNAMIC_NO_PIC = NO;
				GCC_NO_COMMON_BLOCKS = YES;
				GCC_OPTIMIZATION_LEVEL = 0;
				GCC_PREPROCESSOR_DEFINITIONS = (
					"DEBUG=1",
					"$(inherited)",
				);
				GCC_WARN_64_TO_32_BIT_CONVERSION = YES;
				GCC_WARN_ABOUT_RETURN_TYPE = YES_ERROR;
				GCC_WARN_UNDECLARED_SELECTOR = YES;
				GCC_WARN_UNINITIALIZED_AUTOS = YES_AGGRESSIVE;
				GCC_WARN_UNUSED_FUNCTION = YES;
				GCC_WARN_UNUSED_VARIABLE = YES;
				IPHONEOS_DEPLOYMENT_TARGET = 16.4;
				MTL_ENABLE_DEBUG_INFO = INCLUDE_SOURCE;
				MTL_FAST_MATH = YES;
				ONLY_ACTIVE_ARCH = YES;
				SDKROOT = iphoneos;
				SWIFT_ACTIVE_COMPILATION_CONDITIONS = DEBUG;
				SWIFT_OPTIMIZATION_LEVEL = "-Onone";
			};
			name = Debug;
		};
		EF85DBA62A9F5A2E00CD9295 /* Release */ = {
			isa = XCBuildConfiguration;
			buildSettings = {
				ALWAYS_SEARCH_USER_PATHS = NO;
				CLANG_ANALYZER_NONNULL = YES;
				CLANG_ANALYZER_NUMBER_OBJECT_CONVERSION = YES_AGGRESSIVE;
				CLANG_CXX_LANGUAGE_STANDARD = "gnu++20";
				CLANG_ENABLE_MODULES = YES;
				CLANG_ENABLE_OBJC_ARC = YES;
				CLANG_ENABLE_OBJC_WEAK = YES;
				CLANG_WARN_BLOCK_CAPTURE_AUTORELEASING = YES;
				CLANG_WARN_BOOL_CONVERSION = YES;
				CLANG_WARN_COMMA = YES;
				CLANG_WARN_CONSTANT_CONVERSION = YES;
				CLANG_WARN_DEPRECATED_OBJC_IMPLEMENTATIONS = YES;
				CLANG_WARN_DIRECT_OBJC_ISA_USAGE = YES_ERROR;
				CLANG_WARN_DOCUMENTATION_COMMENTS = YES;
				CLANG_WARN_EMPTY_BODY = YES;
				CLANG_WARN_ENUM_CONVERSION = YES;
				CLANG_WARN_INFINITE_RECURSION = YES;
				CLANG_WARN_INT_CONVERSION = YES;
				CLANG_WARN_NON_LITERAL_NULL_CONVERSION = YES;
				CLANG_WARN_OBJC_IMPLICIT_RETAIN_SELF = YES;
				CLANG_WARN_OBJC_LITERAL_CONVERSION = YES;
				CLANG_WARN_OBJC_ROOT_CLASS = YES_ERROR;
				CLANG_WARN_QUOTED_INCLUDE_IN_FRAMEWORK_HEADER = YES;
				CLANG_WARN_RANGE_LOOP_ANALYSIS = YES;
				CLANG_WARN_STRICT_PROTOTYPES = YES;
				CLANG_WARN_SUSPICIOUS_MOVE = YES;
				CLANG_WARN_UNGUARDED_AVAILABILITY = YES_AGGRESSIVE;
				CLANG_WARN_UNREACHABLE_CODE = YES;
				CLANG_WARN__DUPLICATE_METHOD_MATCH = YES;
				COPY_PHASE_STRIP = NO;
				DEBUG_INFORMATION_FORMAT = "dwarf-with-dsym";
				ENABLE_NS_ASSERTIONS = NO;
				ENABLE_STRICT_OBJC_MSGSEND = YES;
				GCC_C_LANGUAGE_STANDARD = gnu11;
				GCC_NO_COMMON_BLOCKS = YES;
				GCC_WARN_64_TO_32_BIT_CONVERSION = YES;
				GCC_WARN_ABOUT_RETURN_TYPE = YES_ERROR;
				GCC_WARN_UNDECLARED_SELECTOR = YES;
				GCC_WARN_UNINITIALIZED_AUTOS = YES_AGGRESSIVE;
				GCC_WARN_UNUSED_FUNCTION = YES;
				GCC_WARN_UNUSED_VARIABLE = YES;
				IPHONEOS_DEPLOYMENT_TARGET = 16.4;
				MTL_ENABLE_DEBUG_INFO = NO;
				MTL_FAST_MATH = YES;
				SDKROOT = iphoneos;
				SWIFT_COMPILATION_MODE = wholemodule;
				SWIFT_OPTIMIZATION_LEVEL = "-O";
				VALIDATE_PRODUCT = YES;
			};
			name = Release;
		};
		EF85DBA82A9F5A2E00CD9295 /* Debug */ = {
			isa = XCBuildConfiguration;
			buildSettings = {
				ASSETCATALOG_COMPILER_APPICON_NAME = AppIcon;
				ASSETCATALOG_COMPILER_GLOBAL_ACCENT_COLOR_NAME = AccentColor;
				CODE_SIGN_STYLE = Automatic;
				CURRENT_PROJECT_VERSION = 1;
				DEVELOPMENT_TEAM = FC7PVA7NK7;
				GENERATE_INFOPLIST_FILE = YES;
				INFOPLIST_FILE = "NewsCatcher/Supporting Files/Info.plist";
				INFOPLIST_KEY_UIApplicationSupportsIndirectInputEvents = YES;
				INFOPLIST_KEY_UILaunchStoryboardName = LaunchScreen;
				INFOPLIST_KEY_UISupportedInterfaceOrientations_iPad = "UIInterfaceOrientationPortrait UIInterfaceOrientationPortraitUpsideDown UIInterfaceOrientationLandscapeLeft UIInterfaceOrientationLandscapeRight";
				INFOPLIST_KEY_UISupportedInterfaceOrientations_iPhone = "UIInterfaceOrientationPortrait UIInterfaceOrientationLandscapeLeft UIInterfaceOrientationLandscapeRight";
				LD_RUNPATH_SEARCH_PATHS = (
					"$(inherited)",
					"@executable_path/Frameworks",
				);
				MARKETING_VERSION = 1.0;
				PRODUCT_BUNDLE_IDENTIFIER = Iurii.Stepanchuk.NewsCatcher;
				PRODUCT_NAME = "$(TARGET_NAME)";
				SWIFT_EMIT_LOC_STRINGS = YES;
				SWIFT_VERSION = 5.0;
				TARGETED_DEVICE_FAMILY = "1,2";
			};
			name = Debug;
		};
		EF85DBA92A9F5A2E00CD9295 /* Release */ = {
			isa = XCBuildConfiguration;
			buildSettings = {
				ASSETCATALOG_COMPILER_APPICON_NAME = AppIcon;
				ASSETCATALOG_COMPILER_GLOBAL_ACCENT_COLOR_NAME = AccentColor;
				CODE_SIGN_STYLE = Automatic;
				CURRENT_PROJECT_VERSION = 1;
				DEVELOPMENT_TEAM = FC7PVA7NK7;
				GENERATE_INFOPLIST_FILE = YES;
				INFOPLIST_FILE = "NewsCatcher/Supporting Files/Info.plist";
				INFOPLIST_KEY_UIApplicationSupportsIndirectInputEvents = YES;
				INFOPLIST_KEY_UILaunchStoryboardName = LaunchScreen;
				INFOPLIST_KEY_UISupportedInterfaceOrientations_iPad = "UIInterfaceOrientationPortrait UIInterfaceOrientationPortraitUpsideDown UIInterfaceOrientationLandscapeLeft UIInterfaceOrientationLandscapeRight";
				INFOPLIST_KEY_UISupportedInterfaceOrientations_iPhone = "UIInterfaceOrientationPortrait UIInterfaceOrientationLandscapeLeft UIInterfaceOrientationLandscapeRight";
				LD_RUNPATH_SEARCH_PATHS = (
					"$(inherited)",
					"@executable_path/Frameworks",
				);
				MARKETING_VERSION = 1.0;
				PRODUCT_BUNDLE_IDENTIFIER = Iurii.Stepanchuk.NewsCatcher;
				PRODUCT_NAME = "$(TARGET_NAME)";
				SWIFT_EMIT_LOC_STRINGS = YES;
				SWIFT_VERSION = 5.0;
				TARGETED_DEVICE_FAMILY = "1,2";
			};
			name = Release;
		};
/* End XCBuildConfiguration section */

/* Begin XCConfigurationList section */
		EF85DB8E2A9F5A2C00CD9295 /* Build configuration list for PBXProject "NewsCatcher" */ = {
			isa = XCConfigurationList;
			buildConfigurations = (
				EF85DBA52A9F5A2E00CD9295 /* Debug */,
				EF85DBA62A9F5A2E00CD9295 /* Release */,
			);
			defaultConfigurationIsVisible = 0;
			defaultConfigurationName = Release;
		};
		EF85DBA72A9F5A2E00CD9295 /* Build configuration list for PBXNativeTarget "NewsCatcher" */ = {
			isa = XCConfigurationList;
			buildConfigurations = (
				EF85DBA82A9F5A2E00CD9295 /* Debug */,
				EF85DBA92A9F5A2E00CD9295 /* Release */,
			);
			defaultConfigurationIsVisible = 0;
			defaultConfigurationName = Release;
		};
/* End XCConfigurationList section */
	};
	rootObject = EF85DB8B2A9F5A2C00CD9295 /* Project object */;
}
